PODS:
  - DocuSign (2.5)
  - docusign_flutter (0.0.1):
    - DocuSign
    - Flutter
  - Flutter (1.0.0)

DEPENDENCIES:
  - docusign_flutter (from `.symlinks/plugins/docusign_flutter/ios`)
  - Flutter (from `Flutter`)

SPEC REPOS:
  trunk:
    - DocuSign

EXTERNAL SOURCES:
  docusign_flutter:
    :path: ".symlinks/plugins/docusign_flutter/ios"
  Flutter:
    :path: Flutter

SPEC CHECKSUMS:
  DocuSign: 250830b679df251ffca94f6bde2a0071f4745216
  docusign_flutter: 0683c9f5c7e02176bef33caadc7622fb9dc4cf4b
  Flutter: e0871f40cf51350855a761d2e70bf5af5b9b5de7

PODFILE CHECKSUM: aafe91acc616949ddb318b77800a7f51bffa2a4c

COCOAPODS: 1.15.2
