PODS:
  - DocuSign (2.5)
  - docusign_flutter (0.0.1):
    - DocuSign
    - Flutter
  - Flutter (1.0.0)

DEPENDENCIES:
  - docusign_flutter (from `.symlinks/plugins/docusign_flutter/ios`)
  - Flutter (from `Flutter`)

SPEC REPOS:
  trunk:
    - DocuSign

EXTERNAL SOURCES:
  docusign_flutter:
    :path: ".symlinks/plugins/docusign_flutter/ios"
  Flutter:
    :path: Flutter

SPEC CHECKSUMS:
  DocuSign: 250830b679df251ffca94f6bde2a0071f4745216
  docusign_flutter: ff50c9f3565033eaad6a30be1cd5ee3d89bc0069
  Flutter: 50d75fe2f02b26cc09d224853bb45737f8b3214a

PODFILE CHECKSUM: aafe91acc616949ddb318b77800a7f51bffa2a4c

COCOAPODS: 1.11.2
