PODS:
  - DocuSign (2.5.3)
  - docusign_flutter (0.0.1):
    - DocuSign (~> 2.5.0)
    - Flutter
  - Flutter (1.0.0)

DEPENDENCIES:
  - docusign_flutter (from `.symlinks/plugins/docusign_flutter/ios`)
  - Flutter (from `Flutter`)

SPEC REPOS:
  trunk:
    - DocuSign

EXTERNAL SOURCES:
  docusign_flutter:
    :path: ".symlinks/plugins/docusign_flutter/ios"
  Flutter:
    :path: Flutter

SPEC CHECKSUMS:
  DocuSign: 00ce0722022d84e5e2042916188e4641b96a6eaf
  docusign_flutter: 121502aedf0ad3f8d50faec66e18ee493434c7e4
  Flutter: e0871f40cf51350855a761d2e70bf5af5b9b5de7

PODFILE CHECKSUM: c4c93c5f6502fe2754f48404d3594bf779584011

COCOAPODS: 1.15.2
